// !$*UTF8*$!
{
	archiveVersion = 1;
	classes = {
	};
	objectVersion = 48;
	objects = {

/* Begin PBXBuildFile section */
		030E4B19204CF8B500D150F2 /* AppDelegate.swift in Sources */ = {isa = PBXBuildFile; fileRef = 030E4B18204CF8B500D150F2 /* AppDelegate.swift */; };
		030E4B1B204CF8B500D150F2 /* ViewController.swift in Sources */ = {isa = PBXBuildFile; fileRef = 030E4B1A204CF8B500D150F2 /* ViewController.swift */; };
		030E4B1E204CF8B500D150F2 /* Main.storyboard in Resources */ = {isa = PBXBuildFile; fileRef = 030E4B1C204CF8B500D150F2 /* Main.storyboard */; };
		030E4B21204CF8B500D150F2 /* BookLibrary.xcdatamodeld in Sources */ = {isa = PBXBuildFile; fileRef = 030E4B1F204CF8B500D150F2 /* BookLibrary.xcdatamodeld */; };
		030E4B23204CF8B500D150F2 /* Assets.xcassets in Resources */ = {isa = PBXBuildFile; fileRef = 030E4B22204CF8B500D150F2 /* Assets.xcassets */; };
		030E4B26204CF8B500D150F2 /* LaunchScreen.storyboard in Resources */ = {isa = PBXBuildFile; fileRef = 030E4B24204CF8B500D150F2 /* LaunchScreen.storyboard */; };
		03446B6F204E539D00B75AB9 /* CoreDataHandler.swift in Sources */ = {isa = PBXBuildFile; fileRef = 03446B6E204E539D00B75AB9 /* CoreDataHandler.swift */; };
		03C4E5F420AA4EF000211B2B /* BookCell.swift in Sources */ = {isa = PBXBuildFile; fileRef = 03C4E5F320AA4EF000211B2B /* BookCell.swift */; };
/* End PBXBuildFile section */

/* Begin PBXFileReference section */
		030E4B15204CF8B500D150F2 /* BookLibrary.app */ = {isa = PBXFileReference; explicitFileType = wrapper.application; includeInIndex = 0; path = BookLibrary.app; sourceTree = BUILT_PRODUCTS_DIR; };
		030E4B18204CF8B500D150F2 /* AppDelegate.swift */ = {isa = PBXFileReference; lastKnownFileType = sourcecode.swift; path = AppDelegate.swift; sourceTree = "<group>"; };
		030E4B1A204CF8B500D150F2 /* ViewController.swift */ = {isa = PBXFileReference; lastKnownFileType = sourcecode.swift; path = ViewController.swift; sourceTree = "<group>"; };
		030E4B1D204CF8B500D150F2 /* Base */ = {isa = PBXFileReference; lastKnownFileType = file.storyboard; name = Base; path = Base.lproj/Main.storyboard; sourceTree = "<group>"; };
		030E4B20204CF8B500D150F2 /* BookLibrary.xcdatamodel */ = {isa = PBXFileReference; lastKnownFileType = wrapper.xcdatamodel; path = BookLibrary.xcdatamodel; sourceTree = "<group>"; };
		030E4B22204CF8B500D150F2 /* Assets.xcassets */ = {isa = PBXFileReference; lastKnownFileType = folder.assetcatalog; path = Assets.xcassets; sourceTree = "<group>"; };
		030E4B25204CF8B500D150F2 /* Base */ = {isa = PBXFileReference; lastKnownFileType = file.storyboard; name = Base; path = Base.lproj/LaunchScreen.storyboard; sourceTree = "<group>"; };
		030E4B27204CF8B500D150F2 /* Info.plist */ = {isa = PBXFileReference; lastKnownFileType = text.plist.xml; path = Info.plist; sourceTree = "<group>"; };
		03446B6E204E539D00B75AB9 /* CoreDataHandler.swift */ = {isa = PBXFileReference; lastKnownFileType = sourcecode.swift; path = CoreDataHandler.swift; sourceTree = "<group>"; };
		03C4E5F320AA4EF000211B2B /* BookCell.swift */ = {isa = PBXFileReference; lastKnownFileType = sourcecode.swift; path = BookCell.swift; sourceTree = "<group>"; };
/* End PBXFileReference section */

/* Begin PBXFrameworksBuildPhase section */
		030E4B12204CF8B500D150F2 /* Frameworks */ = {
			isa = PBXFrameworksBuildPhase;
			buildActionMask = 2147483647;
			files = (
			);
			runOnlyForDeploymentPostprocessing = 0;
		};
/* End PBXFrameworksBuildPhase section */

/* Begin PBXGroup section */
		030E4B0C204CF8B500D150F2 = {
			isa = PBXGroup;
			children = (
				030E4B17204CF8B500D150F2 /* BookLibrary */,
				030E4B16204CF8B500D150F2 /* Products */,
			);
			sourceTree = "<group>";
		};
		030E4B16204CF8B500D150F2 /* Products */ = {
			isa = PBXGroup;
			children = (
				030E4B15204CF8B500D150F2 /* BookLibrary.app */,
			);
			name = Products;
			sourceTree = "<group>";
		};
		030E4B17204CF8B500D150F2 /* BookLibrary */ = {
			isa = PBXGroup;
			children = (
				03446B70204E60D300B75AB9 /* customTableView */,
				03C4E5F320AA4EF000211B2B /* BookCell.swift */,
				030E4B18204CF8B500D150F2 /* AppDelegate.swift */,
				030E4B1A204CF8B500D150F2 /* ViewController.swift */,
				030E4B1C204CF8B500D150F2 /* Main.storyboard */,
				030E4B22204CF8B500D150F2 /* Assets.xcassets */,
				030E4B24204CF8B500D150F2 /* LaunchScreen.storyboard */,
				030E4B27204CF8B500D150F2 /* Info.plist */,
				030E4B1F204CF8B500D150F2 /* BookLibrary.xcdatamodeld */,
				03446B6E204E539D00B75AB9 /* CoreDataHandler.swift */,
			);
			path = BookLibrary;
			sourceTree = "<group>";
		};
		03446B70204E60D300B75AB9 /* customTableView */ = {
			isa = PBXGroup;
			children = (
			);
			path = customTableView;
			sourceTree = "<group>";
		};
/* End PBXGroup section */

/* Begin PBXNativeTarget section */
		030E4B14204CF8B500D150F2 /* BookLibrary */ = {
			isa = PBXNativeTarget;
			buildConfigurationList = 030E4B2A204CF8B500D150F2 /* Build configuration list for PBXNativeTarget "BookLibrary" */;
			buildPhases = (
				030E4B11204CF8B500D150F2 /* Sources */,
				030E4B12204CF8B500D150F2 /* Frameworks */,
				030E4B13204CF8B500D150F2 /* Resources */,
			);
			buildRules = (
			);
			dependencies = (
			);
			name = BookLibrary;
			productName = BookLibrary;
			productReference = 030E4B15204CF8B500D150F2 /* BookLibrary.app */;
			productType = "com.apple.product-type.application";
		};
/* End PBXNativeTarget section */

/* Begin PBXProject section */
		030E4B0D204CF8B500D150F2 /* Project object */ = {
			isa = PBXProject;
			attributes = {
				LastSwiftUpdateCheck = 0920;
				LastUpgradeCheck = 0920;
				ORGANIZATIONNAME = Jace;
				TargetAttributes = {
					030E4B14204CF8B500D150F2 = {
						CreatedOnToolsVersion = 9.2;
						ProvisioningStyle = Automatic;
					};
				};
			};
			buildConfigurationList = 030E4B10204CF8B500D150F2 /* Build configuration list for PBXProject "BookLibrary" */;
			compatibilityVersion = "Xcode 8.0";
			developmentRegion = en;
			hasScannedForEncodings = 0;
			knownRegions = (
				en,
				Base,
			);
			mainGroup = 030E4B0C204CF8B500D150F2;
			productRefGroup = 030E4B16204CF8B500D150F2 /* Products */;
			projectDirPath = "";
			projectRoot = "";
			targets = (
				030E4B14204CF8B500D150F2 /* BookLibrary */,
			);
		};
/* End PBXProject section */

/* Begin PBXResourcesBuildPhase section */
		030E4B13204CF8B500D150F2 /* Resources */ = {
			isa = PBXResourcesBuildPhase;
			buildActionMask = 2147483647;
			files = (
				030E4B26204CF8B500D150F2 /* LaunchScreen.storyboard in Resources */,
				030E4B23204CF8B500D150F2 /* Assets.xcassets in Resources */,
				030E4B1E204CF8B500D150F2 /* Main.storyboard in Resources */,
			);
			runOnlyForDeploymentPostprocessing = 0;
		};
/* End PBXResourcesBuildPhase section */

/* Begin PBXSourcesBuildPhase section */
		030E4B11204CF8B500D150F2 /* Sources */ = {
			isa = PBXSourcesBuildPhase;
			buildActionMask = 2147483647;
			files = (
				030E4B1B204CF8B500D150F2 /* ViewController.swift in Sources */,
				03446B6F204E539D00B75AB9 /* CoreDataHandler.swift in Sources */,
				030E4B21204CF8B500D150F2 /* BookLibrary.xcdatamodeld in Sources */,
				030E4B19204CF8B500D150F2 /* AppDelegate.swift in Sources */,
				03C4E5F420AA4EF000211B2B /* BookCell.swift in Sources */,
			);
			runOnlyForDeploymentPostprocessing = 0;
		};
/* End PBXSourcesBuildPhase section */

/* Begin PBXVariantGroup section */
		030E4B1C204CF8B500D150F2 /* Main.storyboard */ = {
			isa = PBXVariantGroup;
			children = (
				030E4B1D204CF8B500D150F2 /* Base */,
			);
			name = Main.storyboard;
			sourceTree = "<group>";
		};
		030E4B24204CF8B500D150F2 /* LaunchScreen.storyboard */ = {
			isa = PBXVariantGroup;
			children = (
				030E4B25204CF8B500D150F2 /* Base */,
			);
			name = LaunchScreen.storyboard;
			sourceTree = "<group>";
		};
/* End PBXVariantGroup section */

/* Begin XCBuildConfiguration section */
		030E4B28204CF8B500D150F2 /* Debug */ = {
			isa = XCBuildConfiguration;
			buildSettings = {
				ALWAYS_SEARCH_USER_PATHS = NO;
				CLANG_ANALYZER_NONNULL = YES;
				CLANG_ANALYZER_NUMBER_OBJECT_CONVERSION = YES_AGGRESSIVE;
				CLANG_CXX_LANGUAGE_STANDARD = "gnu++14";
				CLANG_CXX_LIBRARY = "libc++";
				CLANG_ENABLE_MODULES = YES;
				CLANG_ENABLE_OBJC_ARC = YES;
				CLANG_WARN_BLOCK_CAPTURE_AUTORELEASING = YES;
				CLANG_WARN_BOOL_CONVERSION = YES;
				CLANG_WARN_COMMA = YES;
				CLANG_WARN_CONSTANT_CONVERSION = YES;
				CLANG_WARN_DIRECT_OBJC_ISA_USAGE = YES_ERROR;
				CLANG_WARN_DOCUMENTATION_COMMENTS = YES;
				CLANG_WARN_EMPTY_BODY = YES;
				CLANG_WARN_ENUM_CONVERSION = YES;
				CLANG_WARN_INFINITE_RECURSION = YES;
				CLANG_WARN_INT_CONVERSION = YES;
				CLANG_WARN_NON_LITERAL_NULL_CONVERSION = YES;
				CLANG_WARN_OBJC_LITERAL_CONVERSION = YES;
				CLANG_WARN_OBJC_ROOT_CLASS = YES_ERROR;
				CLANG_WARN_RANGE_LOOP_ANALYSIS = YES;
				CLANG_WARN_STRICT_PROTOTYPES = YES;
				CLANG_WARN_SUSPICIOUS_MOVE = YES;
				CLANG_WARN_UNGUARDED_AVAILABILITY = YES_AGGRESSIVE;
				CLANG_WARN_UNREACHABLE_CODE = YES;
				CLANG_WARN__DUPLICATE_METHOD_MATCH = YES;
				CODE_SIGN_IDENTITY = "iPhone Developer";
				COPY_PHASE_STRIP = NO;
				DEBUG_INFORMATION_FORMAT = dwarf;
				ENABLE_STRICT_OBJC_MSGSEND = YES;
				ENABLE_TESTABILITY = YES;
				GCC_C_LANGUAGE_STANDARD = gnu11;
				GCC_DYNAMIC_NO_PIC = NO;
				GCC_NO_COMMON_BLOCKS = YES;
				GCC_OPTIMIZATION_LEVEL = 0;
				GCC_PREPROCESSOR_DEFINITIONS = (
					"DEBUG=1",
					"$(inherited)",
				);
				GCC_WARN_64_TO_32_BIT_CONVERSION = YES;
				GCC_WARN_ABOUT_RETURN_TYPE = YES_ERROR;
				GCC_WARN_UNDECLARED_SELECTOR = YES;
				GCC_WARN_UNINITIALIZED_AUTOS = YES_AGGRESSIVE;
				GCC_WARN_UNUSED_FUNCTION = YES;
				GCC_WARN_UNUSED_VARIABLE = YES;
				IPHONEOS_DEPLOYMENT_TARGET = 11.2;
				MTL_ENABLE_DEBUG_INFO = YES;
				ONLY_ACTIVE_ARCH = YES;
				SDKROOT = iphoneos;
				SWIFT_ACTIVE_COMPILATION_CONDITIONS = DEBUG;
				SWIFT_OPTIMIZATION_LEVEL = "-Onone";
			};
			name = Debug;
		};
		030E4B29204CF8B500D150F2 /* Release */ = {
			isa = XCBuildConfiguration;
			buildSettings = {
				ALWAYS_SEARCH_USER_PATHS = NO;
				CLANG_ANALYZER_NONNULL = YES;
				CLANG_ANALYZER_NUMBER_OBJECT_CONVERSION = YES_AGGRESSIVE;
				CLANG_CXX_LANGUAGE_STANDARD = "gnu++14";
				CLANG_CXX_LIBRARY = "libc++";
				CLANG_ENABLE_MODULES = YES;
				CLANG_ENABLE_OBJC_ARC = YES;
				CLANG_WARN_BLOCK_CAPTURE_AUTORELEASING = YES;
				CLANG_WARN_BOOL_CONVERSION = YES;
				CLANG_WARN_COMMA = YES;
				CLANG_WARN_CONSTANT_CONVERSION = YES;
				CLANG_WARN_DIRECT_OBJC_ISA_USAGE = YES_ERROR;
				CLANG_WARN_DOCUMENTATION_COMMENTS = YES;
				CLANG_WARN_EMPTY_BODY = YES;
				CLANG_WARN_ENUM_CONVERSION = YES;
				CLANG_WARN_INFINITE_RECURSION = YES;
				CLANG_WARN_INT_CONVERSION = YES;
				CLANG_WARN_NON_LITERAL_NULL_CONVERSION = YES;
				CLANG_WARN_OBJC_LITERAL_CONVERSION = YES;
				CLANG_WARN_OBJC_ROOT_CLASS = YES_ERROR;
				CLANG_WARN_RANGE_LOOP_ANALYSIS = YES;
				CLANG_WARN_STRICT_PROTOTYPES = YES;
				CLANG_WARN_SUSPICIOUS_MOVE = YES;
				CLANG_WARN_UNGUARDED_AVAILABILITY = YES_AGGRESSIVE;
				CLANG_WARN_UNREACHABLE_CODE = YES;
				CLANG_WARN__DUPLICATE_METHOD_MATCH = YES;
				CODE_SIGN_IDENTITY = "iPhone Developer";
				COPY_PHASE_STRIP = NO;
				DEBUG_INFORMATION_FORMAT = "dwarf-with-dsym";
				ENABLE_NS_ASSERTIONS = NO;
				ENABLE_STRICT_OBJC_MSGSEND = YES;
				GCC_C_LANGUAGE_STANDARD = gnu11;
				GCC_NO_COMMON_BLOCKS = YES;
				GCC_WARN_64_TO_32_BIT_CONVERSION = YES;
				GCC_WARN_ABOUT_RETURN_TYPE = YES_ERROR;
				GCC_WARN_UNDECLARED_SELECTOR = YES;
				GCC_WARN_UNINITIALIZED_AUTOS = YES_AGGRESSIVE;
				GCC_WARN_UNUSED_FUNCTION = YES;
				GCC_WARN_UNUSED_VARIABLE = YES;
				IPHONEOS_DEPLOYMENT_TARGET = 11.2;
				MTL_ENABLE_DEBUG_INFO = NO;
				SDKROOT = iphoneos;
				SWIFT_OPTIMIZATION_LEVEL = "-Owholemodule";
				VALIDATE_PRODUCT = YES;
			};
			name = Release;
		};
		030E4B2B204CF8B500D150F2 /* Debug */ = {
			isa = XCBuildConfiguration;
			buildSettings = {
				ASSETCATALOG_COMPILER_APPICON_NAME = AppIcon;
				CODE_SIGN_STYLE = Automatic;
				DEVELOPMENT_TEAM = RFCTCMHY2V;
				INFOPLIST_FILE = BookLibrary/Info.plist;
				LD_RUNPATH_SEARCH_PATHS = "$(inherited) @executable_path/Frameworks";
				PRODUCT_BUNDLE_IDENTIFIER = jace.BookLibrary;
				PRODUCT_NAME = "$(TARGET_NAME)";
				SWIFT_VERSION = 4.0;
				TARGETED_DEVICE_FAMILY = "1,2";
			};
			name = Debug;
		};
		030E4B2C204CF8B500D150F2 /* Release */ = {
			isa = XCBuildConfiguration;
			buildSettings = {
				ASSETCATALOG_COMPILER_APPICON_NAME = AppIcon;
				CODE_SIGN_STYLE = Automatic;
				DEVELOPMENT_TEAM = RFCTCMHY2V;
				INFOPLIST_FILE = BookLibrary/Info.plist;
				LD_RUNPATH_SEARCH_PATHS = "$(inherited) @executable_path/Frameworks";
				PRODUCT_BUNDLE_IDENTIFIER = jace.BookLibrary;
				PRODUCT_NAME = "$(TARGET_NAME)";
				SWIFT_VERSION = 4.0;
				TARGETED_DEVICE_FAMILY = "1,2";
			};
			name = Release;
		};
/* End XCBuildConfiguration section */

/* Begin XCConfigurationList section */
		030E4B10204CF8B500D150F2 /* Build configuration list for PBXProject "BookLibrary" */ = {
			isa = XCConfigurationList;
			buildConfigurations = (
				030E4B28204CF8B500D150F2 /* Debug */,
				030E4B29204CF8B500D150F2 /* Release */,
			);
			defaultConfigurationIsVisible = 0;
			defaultConfigurationName = Release;
		};
		030E4B2A204CF8B500D150F2 /* Build configuration list for PBXNativeTarget "BookLibrary" */ = {
			isa = XCConfigurationList;
			buildConfigurations = (
				030E4B2B204CF8B500D150F2 /* Debug */,
				030E4B2C204CF8B500D150F2 /* Release */,
			);
			defaultConfigurationIsVisible = 0;
			defaultConfigurationName = Release;
		};
/* End XCConfigurationList section */

/* Begin XCVersionGroup section */
		030E4B1F204CF8B500D150F2 /* BookLibrary.xcdatamodeld */ = {
			isa = XCVersionGroup;
			children = (
				030E4B20204CF8B500D150F2 /* BookLibrary.xcdatamodel */,
			);
			currentVersion = 030E4B20204CF8B500D150F2 /* BookLibrary.xcdatamodel */;
			path = BookLibrary.xcdatamodeld;
			sourceTree = "<group>";
			versionGroupType = wrapper.xcdatamodel;
		};
/* End XCVersionGroup section */
	};
	rootObject = 030E4B0D204CF8B500D150F2 /* Project object */;
}
